{
  "name": "cvmaker",
  "version": "1.0.0",
  "lockfileVersion": 3,
  "requires": true,
  "packages": {
    "": {
      "name": "cvmaker",
      "version": "1.0.0",
      "license": "ISC",
      "dependencies": {
        "texlyre-busytex": "^0.1.2-alpha"
      }
    },
    "node_modules/texlyre-busytex": {
      "version": "0.1.2-alpha",
      "resolved": "https://registry.npmjs.org/texlyre-busytex/-/texlyre-busytex-0.1.2-alpha.tgz",
      "integrity": "sha512-5o9lxdMpwpTFhvIuyAY7PXWct4TbHHFYNsGVysQzIeWOMLBt6ggsmfqAcZjAn0XpYgoEqrqJYlkmT51HvVYZVw==",
      "license": "MIT",
      "bin": {
        "texlyre-busytex": "scripts/cli.cjs"
      }
    }
  }
}
